// !$*UTF8*$!
{
	archiveVersion = 1;
	classes = {
	};
	objectVersion = 50;
	objects = {

/* Begin PBXBuildFile section */
		5DB14F1B21EED32400DD662B /* AppDelegate.swift in Sources */ = {isa = PBXBuildFile; fileRef = 5DB14F1A21EED32400DD662B /* AppDelegate.swift */; };
		5DB14F1D21EED32400DD662B /* ViewController.swift in Sources */ = {isa = PBXBuildFile; fileRef = 5DB14F1C21EED32400DD662B /* ViewController.swift */; };
		5DB14F2221EED32500DD662B /* Assets.xcassets in Resources */ = {isa = PBXBuildFile; fileRef = 5DB14F2121EED32500DD662B /* Assets.xcassets */; };
		5DB14F2521EED32500DD662B /* LaunchScreen.storyboard in Resources */ = {isa = PBXBuildFile; fileRef = 5DB14F2321EED32500DD662B /* LaunchScreen.storyboard */; };
		5DB14F3021EED32500DD662B /* swiftCalendarTests.swift in Sources */ = {isa = PBXBuildFile; fileRef = 5DB14F2F21EED32500DD662B /* swiftCalendarTests.swift */; };
		5DB14F3B21EED32500DD662B /* swiftCalendarUITests.swift in Sources */ = {isa = PBXBuildFile; fileRef = 5DB14F3A21EED32500DD662B /* swiftCalendarUITests.swift */; };
		5DB14F4A21EED6CA00DD662B /* ZGSectionScalendarViewController.swift in Sources */ = {isa = PBXBuildFile; fileRef = 5DB14F4921EED6CA00DD662B /* ZGSectionScalendarViewController.swift */; };
		5DF6608A21EF383B006ED857 /* ZGSectionCalendarModel.swift in Sources */ = {isa = PBXBuildFile; fileRef = 5DF6608921EF383B006ED857 /* ZGSectionCalendarModel.swift */; };
		5DF8352E223CF9800056F7B5 /* xiaoguoTu.png in Resources */ = {isa = PBXBuildFile; fileRef = 5DF8352D223CF9800056F7B5 /* xiaoguoTu.png */; };
		5DFCBAC12217F66300B6036D /* ZGScalendarReusableView.swift in Sources */ = {isa = PBXBuildFile; fileRef = 5DFCBAC02217F66300B6036D /* ZGScalendarReusableView.swift */; };
		5DFD48572216696B0071B9ED /* ZGSScalendarViewCell.swift in Sources */ = {isa = PBXBuildFile; fileRef = 5DFD48562216696B0071B9ED /* ZGSScalendarViewCell.swift */; };
		5DFD48632216A08B0071B9ED /* ZGSScalendarManager.swift in Sources */ = {isa = PBXBuildFile; fileRef = 5DFD48622216A08B0071B9ED /* ZGSScalendarManager.swift */; };
		5DFD48652216A1230071B9ED /* ZGSChineseScalendarManager.swift in Sources */ = {isa = PBXBuildFile; fileRef = 5DFD48642216A1230071B9ED /* ZGSChineseScalendarManager.swift */; };
/* End PBXBuildFile section */

/* Begin PBXContainerItemProxy section */
		5DB14F2C21EED32500DD662B /* PBXContainerItemProxy */ = {
			isa = PBXContainerItemProxy;
			containerPortal = 5DB14F0F21EED32400DD662B /* Project object */;
			proxyType = 1;
			remoteGlobalIDString = 5DB14F1621EED32400DD662B;
			remoteInfo = swiftCalendar;
		};
		5DB14F3721EED32500DD662B /* PBXContainerItemProxy */ = {
			isa = PBXContainerItemProxy;
			containerPortal = 5DB14F0F21EED32400DD662B /* Project object */;
			proxyType = 1;
			remoteGlobalIDString = 5DB14F1621EED32400DD662B;
			remoteInfo = swiftCalendar;
		};
/* End PBXContainerItemProxy section */

/* Begin PBXFileReference section */
		5DB14F1721EED32400DD662B /* swiftCalendar.app */ = {isa = PBXFileReference; explicitFileType = wrapper.application; includeInIndex = 0; path = swiftCalendar.app; sourceTree = BUILT_PRODUCTS_DIR; };
		5DB14F1A21EED32400DD662B /* AppDelegate.swift */ = {isa = PBXFileReference; lastKnownFileType = sourcecode.swift; path = AppDelegate.swift; sourceTree = "<group>"; };
		5DB14F1C21EED32400DD662B /* ViewController.swift */ = {isa = PBXFileReference; lastKnownFileType = sourcecode.swift; path = ViewController.swift; sourceTree = "<group>"; };
		5DB14F2121EED32500DD662B /* Assets.xcassets */ = {isa = PBXFileReference; lastKnownFileType = folder.assetcatalog; path = Assets.xcassets; sourceTree = "<group>"; };
		5DB14F2421EED32500DD662B /* Base */ = {isa = PBXFileReference; lastKnownFileType = file.storyboard; name = Base; path = Base.lproj/LaunchScreen.storyboard; sourceTree = "<group>"; };
		5DB14F2621EED32500DD662B /* Info.plist */ = {isa = PBXFileReference; lastKnownFileType = text.plist.xml; path = Info.plist; sourceTree = "<group>"; };
		5DB14F2B21EED32500DD662B /* swiftCalendarTests.xctest */ = {isa = PBXFileReference; explicitFileType = wrapper.cfbundle; includeInIndex = 0; path = swiftCalendarTests.xctest; sourceTree = BUILT_PRODUCTS_DIR; };
		5DB14F2F21EED32500DD662B /* swiftCalendarTests.swift */ = {isa = PBXFileReference; lastKnownFileType = sourcecode.swift; path = swiftCalendarTests.swift; sourceTree = "<group>"; };
		5DB14F3121EED32500DD662B /* Info.plist */ = {isa = PBXFileReference; lastKnownFileType = text.plist.xml; path = Info.plist; sourceTree = "<group>"; };
		5DB14F3621EED32500DD662B /* swiftCalendarUITests.xctest */ = {isa = PBXFileReference; explicitFileType = wrapper.cfbundle; includeInIndex = 0; path = swiftCalendarUITests.xctest; sourceTree = BUILT_PRODUCTS_DIR; };
		5DB14F3A21EED32500DD662B /* swiftCalendarUITests.swift */ = {isa = PBXFileReference; lastKnownFileType = sourcecode.swift; path = swiftCalendarUITests.swift; sourceTree = "<group>"; };
		5DB14F3C21EED32500DD662B /* Info.plist */ = {isa = PBXFileReference; lastKnownFileType = text.plist.xml; path = Info.plist; sourceTree = "<group>"; };
		5DB14F4921EED6CA00DD662B /* ZGSectionScalendarViewController.swift */ = {isa = PBXFileReference; lastKnownFileType = sourcecode.swift; path = ZGSectionScalendarViewController.swift; sourceTree = "<group>"; };
		5DF6608921EF383B006ED857 /* ZGSectionCalendarModel.swift */ = {isa = PBXFileReference; lastKnownFileType = sourcecode.swift; path = ZGSectionCalendarModel.swift; sourceTree = "<group>"; };
		5DF8352D223CF9800056F7B5 /* xiaoguoTu.png */ = {isa = PBXFileReference; lastKnownFileType = image.png; path = xiaoguoTu.png; sourceTree = "<group>"; };
		5DFCBAC02217F66300B6036D /* ZGScalendarReusableView.swift */ = {isa = PBXFileReference; lastKnownFileType = sourcecode.swift; path = ZGScalendarReusableView.swift; sourceTree = "<group>"; };
		5DFD48562216696B0071B9ED /* ZGSScalendarViewCell.swift */ = {isa = PBXFileReference; lastKnownFileType = sourcecode.swift; path = ZGSScalendarViewCell.swift; sourceTree = "<group>"; };
		5DFD48622216A08B0071B9ED /* ZGSScalendarManager.swift */ = {isa = PBXFileReference; lastKnownFileType = sourcecode.swift; path = ZGSScalendarManager.swift; sourceTree = "<group>"; };
		5DFD48642216A1230071B9ED /* ZGSChineseScalendarManager.swift */ = {isa = PBXFileReference; lastKnownFileType = sourcecode.swift; path = ZGSChineseScalendarManager.swift; sourceTree = "<group>"; };
/* End PBXFileReference section */

/* Begin PBXFrameworksBuildPhase section */
		5DB14F1421EED32400DD662B /* Frameworks */ = {
			isa = PBXFrameworksBuildPhase;
			buildActionMask = 2147483647;
			files = (
			);
			runOnlyForDeploymentPostprocessing = 0;
		};
		5DB14F2821EED32500DD662B /* Frameworks */ = {
			isa = PBXFrameworksBuildPhase;
			buildActionMask = 2147483647;
			files = (
			);
			runOnlyForDeploymentPostprocessing = 0;
		};
		5DB14F3321EED32500DD662B /* Frameworks */ = {
			isa = PBXFrameworksBuildPhase;
			buildActionMask = 2147483647;
			files = (
			);
			runOnlyForDeploymentPostprocessing = 0;
		};
/* End PBXFrameworksBuildPhase section */

/* Begin PBXGroup section */
		5DB14F0E21EED32400DD662B = {
			isa = PBXGroup;
			children = (
				5DB14F1921EED32400DD662B /* swiftCalendar */,
				5DB14F2E21EED32500DD662B /* swiftCalendarTests */,
				5DB14F3921EED32500DD662B /* swiftCalendarUITests */,
				5DB14F1821EED32400DD662B /* Products */,
			);
			sourceTree = "<group>";
		};
		5DB14F1821EED32400DD662B /* Products */ = {
			isa = PBXGroup;
			children = (
				5DB14F1721EED32400DD662B /* swiftCalendar.app */,
				5DB14F2B21EED32500DD662B /* swiftCalendarTests.xctest */,
				5DB14F3621EED32500DD662B /* swiftCalendarUITests.xctest */,
			);
			name = Products;
			sourceTree = "<group>";
		};
		5DB14F1921EED32400DD662B /* swiftCalendar */ = {
			isa = PBXGroup;
			children = (
				5DF8352D223CF9800056F7B5 /* xiaoguoTu.png */,
				5DB14F4821EED3AB00DD662B /* ZGSectionCalendar */,
				5DB14F1A21EED32400DD662B /* AppDelegate.swift */,
				5DB14F1C21EED32400DD662B /* ViewController.swift */,
				5DB14F2121EED32500DD662B /* Assets.xcassets */,
				5DB14F2321EED32500DD662B /* LaunchScreen.storyboard */,
				5DB14F2621EED32500DD662B /* Info.plist */,
			);
			path = swiftCalendar;
			sourceTree = "<group>";
		};
		5DB14F2E21EED32500DD662B /* swiftCalendarTests */ = {
			isa = PBXGroup;
			children = (
				5DB14F2F21EED32500DD662B /* swiftCalendarTests.swift */,
				5DB14F3121EED32500DD662B /* Info.plist */,
			);
			path = swiftCalendarTests;
			sourceTree = "<group>";
		};
		5DB14F3921EED32500DD662B /* swiftCalendarUITests */ = {
			isa = PBXGroup;
			children = (
				5DB14F3A21EED32500DD662B /* swiftCalendarUITests.swift */,
				5DB14F3C21EED32500DD662B /* Info.plist */,
			);
			path = swiftCalendarUITests;
			sourceTree = "<group>";
		};
		5DB14F4821EED3AB00DD662B /* ZGSectionCalendar */ = {
			isa = PBXGroup;
			children = (
				5DB14F4921EED6CA00DD662B /* ZGSectionScalendarViewController.swift */,
				5DF6608921EF383B006ED857 /* ZGSectionCalendarModel.swift */,
				5DFD48562216696B0071B9ED /* ZGSScalendarViewCell.swift */,
				5DFD48622216A08B0071B9ED /* ZGSScalendarManager.swift */,
				5DFD48642216A1230071B9ED /* ZGSChineseScalendarManager.swift */,
				5DFCBAC02217F66300B6036D /* ZGScalendarReusableView.swift */,
			);
			path = ZGSectionCalendar;
			sourceTree = "<group>";
		};
/* End PBXGroup section */

/* Begin PBXNativeTarget section */
		5DB14F1621EED32400DD662B /* swiftCalendar */ = {
			isa = PBXNativeTarget;
			buildConfigurationList = 5DB14F3F21EED32500DD662B /* Build configuration list for PBXNativeTarget "swiftCalendar" */;
			buildPhases = (
				5DB14F1321EED32400DD662B /* Sources */,
				5DB14F1421EED32400DD662B /* Frameworks */,
				5DB14F1521EED32400DD662B /* Resources */,
			);
			buildRules = (
			);
			dependencies = (
			);
			name = swiftCalendar;
			productName = swiftCalendar;
			productReference = 5DB14F1721EED32400DD662B /* swiftCalendar.app */;
			productType = "com.apple.product-type.application";
		};
		5DB14F2A21EED32500DD662B /* swiftCalendarTests */ = {
			isa = PBXNativeTarget;
			buildConfigurationList = 5DB14F4221EED32500DD662B /* Build configuration list for PBXNativeTarget "swiftCalendarTests" */;
			buildPhases = (
				5DB14F2721EED32500DD662B /* Sources */,
				5DB14F2821EED32500DD662B /* Frameworks */,
				5DB14F2921EED32500DD662B /* Resources */,
			);
			buildRules = (
			);
			dependencies = (
				5DB14F2D21EED32500DD662B /* PBXTargetDependency */,
			);
			name = swiftCalendarTests;
			productName = swiftCalendarTests;
			productReference = 5DB14F2B21EED32500DD662B /* swiftCalendarTests.xctest */;
			productType = "com.apple.product-type.bundle.unit-test";
		};
		5DB14F3521EED32500DD662B /* swiftCalendarUITests */ = {
			isa = PBXNativeTarget;
			buildConfigurationList = 5DB14F4521EED32500DD662B /* Build configuration list for PBXNativeTarget "swiftCalendarUITests" */;
			buildPhases = (
				5DB14F3221EED32500DD662B /* Sources */,
				5DB14F3321EED32500DD662B /* Frameworks */,
				5DB14F3421EED32500DD662B /* Resources */,
			);
			buildRules = (
			);
			dependencies = (
				5DB14F3821EED32500DD662B /* PBXTargetDependency */,
			);
			name = swiftCalendarUITests;
			productName = swiftCalendarUITests;
			productReference = 5DB14F3621EED32500DD662B /* swiftCalendarUITests.xctest */;
			productType = "com.apple.product-type.bundle.ui-testing";
		};
/* End PBXNativeTarget section */

/* Begin PBXProject section */
		5DB14F0F21EED32400DD662B /* Project object */ = {
			isa = PBXProject;
			attributes = {
				LastSwiftUpdateCheck = 1010;
				LastUpgradeCheck = 1010;
				ORGANIZATIONNAME = jing99;
				TargetAttributes = {
					5DB14F1621EED32400DD662B = {
						CreatedOnToolsVersion = 10.1;
					};
					5DB14F2A21EED32500DD662B = {
						CreatedOnToolsVersion = 10.1;
						TestTargetID = 5DB14F1621EED32400DD662B;
					};
					5DB14F3521EED32500DD662B = {
						CreatedOnToolsVersion = 10.1;
						TestTargetID = 5DB14F1621EED32400DD662B;
					};
				};
			};
			buildConfigurationList = 5DB14F1221EED32400DD662B /* Build configuration list for PBXProject "swiftCalendar" */;
			compatibilityVersion = "Xcode 9.3";
			developmentRegion = en;
			hasScannedForEncodings = 0;
			knownRegions = (
				en,
				Base,
			);
			mainGroup = 5DB14F0E21EED32400DD662B;
			productRefGroup = 5DB14F1821EED32400DD662B /* Products */;
			projectDirPath = "";
			projectRoot = "";
			targets = (
				5DB14F1621EED32400DD662B /* swiftCalendar */,
				5DB14F2A21EED32500DD662B /* swiftCalendarTests */,
				5DB14F3521EED32500DD662B /* swiftCalendarUITests */,
			);
		};
/* End PBXProject section */

/* Begin PBXResourcesBuildPhase section */
		5DB14F1521EED32400DD662B /* Resources */ = {
			isa = PBXResourcesBuildPhase;
			buildActionMask = 2147483647;
			files = (
				5DF8352E223CF9800056F7B5 /* xiaoguoTu.png in Resources */,
				5DB14F2521EED32500DD662B /* LaunchScreen.storyboard in Resources */,
				5DB14F2221EED32500DD662B /* Assets.xcassets in Resources */,
			);
			runOnlyForDeploymentPostprocessing = 0;
		};
		5DB14F2921EED32500DD662B /* Resources */ = {
			isa = PBXResourcesBuildPhase;
			buildActionMask = 2147483647;
			files = (
			);
			runOnlyForDeploymentPostprocessing = 0;
		};
		5DB14F3421EED32500DD662B /* Resources */ = {
			isa = PBXResourcesBuildPhase;
			buildActionMask = 2147483647;
			files = (
			);
			runOnlyForDeploymentPostprocessing = 0;
		};
/* End PBXResourcesBuildPhase section */

/* Begin PBXSourcesBuildPhase section */
		5DB14F1321EED32400DD662B /* Sources */ = {
			isa = PBXSourcesBuildPhase;
			buildActionMask = 2147483647;
			files = (
				5DF6608A21EF383B006ED857 /* ZGSectionCalendarModel.swift in Sources */,
				5DB14F1D21EED32400DD662B /* ViewController.swift in Sources */,
				5DFD48652216A1230071B9ED /* ZGSChineseScalendarManager.swift in Sources */,
				5DB14F1B21EED32400DD662B /* AppDelegate.swift in Sources */,
				5DB14F4A21EED6CA00DD662B /* ZGSectionScalendarViewController.swift in Sources */,
				5DFD48632216A08B0071B9ED /* ZGSScalendarManager.swift in Sources */,
				5DFCBAC12217F66300B6036D /* ZGScalendarReusableView.swift in Sources */,
				5DFD48572216696B0071B9ED /* ZGSScalendarViewCell.swift in Sources */,
			);
			runOnlyForDeploymentPostprocessing = 0;
		};
		5DB14F2721EED32500DD662B /* Sources */ = {
			isa = PBXSourcesBuildPhase;
			buildActionMask = 2147483647;
			files = (
				5DB14F3021EED32500DD662B /* swiftCalendarTests.swift in Sources */,
			);
			runOnlyForDeploymentPostprocessing = 0;
		};
		5DB14F3221EED32500DD662B /* Sources */ = {
			isa = PBXSourcesBuildPhase;
			buildActionMask = 2147483647;
			files = (
				5DB14F3B21EED32500DD662B /* swiftCalendarUITests.swift in Sources */,
			);
			runOnlyForDeploymentPostprocessing = 0;
		};
/* End PBXSourcesBuildPhase section */

/* Begin PBXTargetDependency section */
		5DB14F2D21EED32500DD662B /* PBXTargetDependency */ = {
			isa = PBXTargetDependency;
			target = 5DB14F1621EED32400DD662B /* swiftCalendar */;
			targetProxy = 5DB14F2C21EED32500DD662B /* PBXContainerItemProxy */;
		};
		5DB14F3821EED32500DD662B /* PBXTargetDependency */ = {
			isa = PBXTargetDependency;
			target = 5DB14F1621EED32400DD662B /* swiftCalendar */;
			targetProxy = 5DB14F3721EED32500DD662B /* PBXContainerItemProxy */;
		};
/* End PBXTargetDependency section */

/* Begin PBXVariantGroup section */
		5DB14F2321EED32500DD662B /* LaunchScreen.storyboard */ = {
			isa = PBXVariantGroup;
			children = (
				5DB14F2421EED32500DD662B /* Base */,
			);
			name = LaunchScreen.storyboard;
			sourceTree = "<group>";
		};
/* End PBXVariantGroup section */

/* Begin XCBuildConfiguration section */
		5DB14F3D21EED32500DD662B /* Debug */ = {
			isa = XCBuildConfiguration;
			buildSettings = {
				ALWAYS_SEARCH_USER_PATHS = NO;
				CLANG_ANALYZER_NONNULL = YES;
				CLANG_ANALYZER_NUMBER_OBJECT_CONVERSION = YES_AGGRESSIVE;
				CLANG_CXX_LANGUAGE_STANDARD = "gnu++14";
				CLANG_CXX_LIBRARY = "libc++";
				CLANG_ENABLE_MODULES = YES;
				CLANG_ENABLE_OBJC_ARC = YES;
				CLANG_ENABLE_OBJC_WEAK = YES;
				CLANG_WARN_BLOCK_CAPTURE_AUTORELEASING = YES;
				CLANG_WARN_BOOL_CONVERSION = YES;
				CLANG_WARN_COMMA = YES;
				CLANG_WARN_CONSTANT_CONVERSION = YES;
				CLANG_WARN_DEPRECATED_OBJC_IMPLEMENTATIONS = YES;
				CLANG_WARN_DIRECT_OBJC_ISA_USAGE = YES_ERROR;
				CLANG_WARN_DOCUMENTATION_COMMENTS = YES;
				CLANG_WARN_EMPTY_BODY = YES;
				CLANG_WARN_ENUM_CONVERSION = YES;
				CLANG_WARN_INFINITE_RECURSION = YES;
				CLANG_WARN_INT_CONVERSION = YES;
				CLANG_WARN_NON_LITERAL_NULL_CONVERSION = YES;
				CLANG_WARN_OBJC_IMPLICIT_RETAIN_SELF = YES;
				CLANG_WARN_OBJC_LITERAL_CONVERSION = YES;
				CLANG_WARN_OBJC_ROOT_CLASS = YES_ERROR;
				CLANG_WARN_RANGE_LOOP_ANALYSIS = YES;
				CLANG_WARN_STRICT_PROTOTYPES = YES;
				CLANG_WARN_SUSPICIOUS_MOVE = YES;
				CLANG_WARN_UNGUARDED_AVAILABILITY = YES_AGGRESSIVE;
				CLANG_WARN_UNREACHABLE_CODE = YES;
				CLANG_WARN__DUPLICATE_METHOD_MATCH = YES;
				CODE_SIGN_IDENTITY = "iPhone Developer";
				COPY_PHASE_STRIP = NO;
				DEBUG_INFORMATION_FORMAT = dwarf;
				ENABLE_STRICT_OBJC_MSGSEND = YES;
				ENABLE_TESTABILITY = YES;
				GCC_C_LANGUAGE_STANDARD = gnu11;
				GCC_DYNAMIC_NO_PIC = NO;
				GCC_NO_COMMON_BLOCKS = YES;
				GCC_OPTIMIZATION_LEVEL = 0;
				GCC_PREPROCESSOR_DEFINITIONS = (
					"DEBUG=1",
					"$(inherited)",
				);
				GCC_WARN_64_TO_32_BIT_CONVERSION = YES;
				GCC_WARN_ABOUT_RETURN_TYPE = YES_ERROR;
				GCC_WARN_UNDECLARED_SELECTOR = YES;
				GCC_WARN_UNINITIALIZED_AUTOS = YES_AGGRESSIVE;
				GCC_WARN_UNUSED_FUNCTION = YES;
				GCC_WARN_UNUSED_VARIABLE = YES;
				IPHONEOS_DEPLOYMENT_TARGET = 12.1;
				MTL_ENABLE_DEBUG_INFO = INCLUDE_SOURCE;
				MTL_FAST_MATH = YES;
				ONLY_ACTIVE_ARCH = YES;
				SDKROOT = iphoneos;
				SWIFT_ACTIVE_COMPILATION_CONDITIONS = DEBUG;
				SWIFT_OPTIMIZATION_LEVEL = "-Onone";
			};
			name = Debug;
		};
		5DB14F3E21EED32500DD662B /* Release */ = {
			isa = XCBuildConfiguration;
			buildSettings = {
				ALWAYS_SEARCH_USER_PATHS = NO;
				CLANG_ANALYZER_NONNULL = YES;
				CLANG_ANALYZER_NUMBER_OBJECT_CONVERSION = YES_AGGRESSIVE;
				CLANG_CXX_LANGUAGE_STANDARD = "gnu++14";
				CLANG_CXX_LIBRARY = "libc++";
				CLANG_ENABLE_MODULES = YES;
				CLANG_ENABLE_OBJC_ARC = YES;
				CLANG_ENABLE_OBJC_WEAK = YES;
				CLANG_WARN_BLOCK_CAPTURE_AUTORELEASING = YES;
				CLANG_WARN_BOOL_CONVERSION = YES;
				CLANG_WARN_COMMA = YES;
				CLANG_WARN_CONSTANT_CONVERSION = YES;
				CLANG_WARN_DEPRECATED_OBJC_IMPLEMENTATIONS = YES;
				CLANG_WARN_DIRECT_OBJC_ISA_USAGE = YES_ERROR;
				CLANG_WARN_DOCUMENTATION_COMMENTS = YES;
				CLANG_WARN_EMPTY_BODY = YES;
				CLANG_WARN_ENUM_CONVERSION = YES;
				CLANG_WARN_INFINITE_RECURSION = YES;
				CLANG_WARN_INT_CONVERSION = YES;
				CLANG_WARN_NON_LITERAL_NULL_CONVERSION = YES;
				CLANG_WARN_OBJC_IMPLICIT_RETAIN_SELF = YES;
				CLANG_WARN_OBJC_LITERAL_CONVERSION = YES;
				CLANG_WARN_OBJC_ROOT_CLASS = YES_ERROR;
				CLANG_WARN_RANGE_LOOP_ANALYSIS = YES;
				CLANG_WARN_STRICT_PROTOTYPES = YES;
				CLANG_WARN_SUSPICIOUS_MOVE = YES;
				CLANG_WARN_UNGUARDED_AVAILABILITY = YES_AGGRESSIVE;
				CLANG_WARN_UNREACHABLE_CODE = YES;
				CLANG_WARN__DUPLICATE_METHOD_MATCH = YES;
				CODE_SIGN_IDENTITY = "iPhone Developer";
				COPY_PHASE_STRIP = NO;
				DEBUG_INFORMATION_FORMAT = "dwarf-with-dsym";
				ENABLE_NS_ASSERTIONS = NO;
				ENABLE_STRICT_OBJC_MSGSEND = YES;
				GCC_C_LANGUAGE_STANDARD = gnu11;
				GCC_NO_COMMON_BLOCKS = YES;
				GCC_WARN_64_TO_32_BIT_CONVERSION = YES;
				GCC_WARN_ABOUT_RETURN_TYPE = YES_ERROR;
				GCC_WARN_UNDECLARED_SELECTOR = YES;
				GCC_WARN_UNINITIALIZED_AUTOS = YES_AGGRESSIVE;
				GCC_WARN_UNUSED_FUNCTION = YES;
				GCC_WARN_UNUSED_VARIABLE = YES;
				IPHONEOS_DEPLOYMENT_TARGET = 12.1;
				MTL_ENABLE_DEBUG_INFO = NO;
				MTL_FAST_MATH = YES;
				SDKROOT = iphoneos;
				SWIFT_COMPILATION_MODE = wholemodule;
				SWIFT_OPTIMIZATION_LEVEL = "-O";
				VALIDATE_PRODUCT = YES;
			};
			name = Release;
		};
		5DB14F4021EED32500DD662B /* Debug */ = {
			isa = XCBuildConfiguration;
			buildSettings = {
				ASSETCATALOG_COMPILER_APPICON_NAME = AppIcon;
				CODE_SIGN_STYLE = Automatic;
				INFOPLIST_FILE = swiftCalendar/Info.plist;
				IPHONEOS_DEPLOYMENT_TARGET = 9.0;
				LD_RUNPATH_SEARCH_PATHS = (
					"$(inherited)",
					"@executable_path/Frameworks",
				);
				PRODUCT_BUNDLE_IDENTIFIER = zheng.Calendar;
				PRODUCT_NAME = "$(TARGET_NAME)";
				SWIFT_VERSION = 4.2;
				TARGETED_DEVICE_FAMILY = "1,2";
			};
			name = Debug;
		};
		5DB14F4121EED32500DD662B /* Release */ = {
			isa = XCBuildConfiguration;
			buildSettings = {
				ASSETCATALOG_COMPILER_APPICON_NAME = AppIcon;
				CODE_SIGN_STYLE = Automatic;
				INFOPLIST_FILE = swiftCalendar/Info.plist;
				IPHONEOS_DEPLOYMENT_TARGET = 9.0;
				LD_RUNPATH_SEARCH_PATHS = (
					"$(inherited)",
					"@executable_path/Frameworks",
				);
				PRODUCT_BUNDLE_IDENTIFIER = zheng.Calendar;
				PRODUCT_NAME = "$(TARGET_NAME)";
				SWIFT_VERSION = 4.2;
				TARGETED_DEVICE_FAMILY = "1,2";
			};
			name = Release;
		};
		5DB14F4321EED32500DD662B /* Debug */ = {
			isa = XCBuildConfiguration;
			buildSettings = {
				ALWAYS_EMBED_SWIFT_STANDARD_LIBRARIES = YES;
				BUNDLE_LOADER = "$(TEST_HOST)";
				CODE_SIGN_STYLE = Automatic;
				INFOPLIST_FILE = swiftCalendarTests/Info.plist;
				LD_RUNPATH_SEARCH_PATHS = (
					"$(inherited)",
					"@executable_path/Frameworks",
					"@loader_path/Frameworks",
				);
				PRODUCT_BUNDLE_IDENTIFIER = zheng.swiftCalendarTests;
				PRODUCT_NAME = "$(TARGET_NAME)";
				SWIFT_VERSION = 4.2;
				TARGETED_DEVICE_FAMILY = "1,2";
				TEST_HOST = "$(BUILT_PRODUCTS_DIR)/swiftCalendar.app/swiftCalendar";
			};
			name = Debug;
		};
		5DB14F4421EED32500DD662B /* Release */ = {
			isa = XCBuildConfiguration;
			buildSettings = {
				ALWAYS_EMBED_SWIFT_STANDARD_LIBRARIES = YES;
				BUNDLE_LOADER = "$(TEST_HOST)";
				CODE_SIGN_STYLE = Automatic;
				INFOPLIST_FILE = swiftCalendarTests/Info.plist;
				LD_RUNPATH_SEARCH_PATHS = (
					"$(inherited)",
					"@executable_path/Frameworks",
					"@loader_path/Frameworks",
				);
				PRODUCT_BUNDLE_IDENTIFIER = zheng.swiftCalendarTests;
				PRODUCT_NAME = "$(TARGET_NAME)";
				SWIFT_VERSION = 4.2;
				TARGETED_DEVICE_FAMILY = "1,2";
				TEST_HOST = "$(BUILT_PRODUCTS_DIR)/swiftCalendar.app/swiftCalendar";
			};
			name = Release;
		};
		5DB14F4621EED32500DD662B /* Debug */ = {
			isa = XCBuildConfiguration;
			buildSettings = {
				ALWAYS_EMBED_SWIFT_STANDARD_LIBRARIES = YES;
				CODE_SIGN_STYLE = Automatic;
				INFOPLIST_FILE = swiftCalendarUITests/Info.plist;
				LD_RUNPATH_SEARCH_PATHS = (
					"$(inherited)",
					"@executable_path/Frameworks",
					"@loader_path/Frameworks",
				);
				PRODUCT_BUNDLE_IDENTIFIER = zheng.swiftCalendarUITests;
				PRODUCT_NAME = "$(TARGET_NAME)";
				SWIFT_VERSION = 4.2;
				TARGETED_DEVICE_FAMILY = "1,2";
				TEST_TARGET_NAME = swiftCalendar;
			};
			name = Debug;
		};
		5DB14F4721EED32500DD662B /* Release */ = {
			isa = XCBuildConfiguration;
			buildSettings = {
				ALWAYS_EMBED_SWIFT_STANDARD_LIBRARIES = YES;
				CODE_SIGN_STYLE = Automatic;
				INFOPLIST_FILE = swiftCalendarUITests/Info.plist;
				LD_RUNPATH_SEARCH_PATHS = (
					"$(inherited)",
					"@executable_path/Frameworks",
					"@loader_path/Frameworks",
				);
				PRODUCT_BUNDLE_IDENTIFIER = zheng.swiftCalendarUITests;
				PRODUCT_NAME = "$(TARGET_NAME)";
				SWIFT_VERSION = 4.2;
				TARGETED_DEVICE_FAMILY = "1,2";
				TEST_TARGET_NAME = swiftCalendar;
			};
			name = Release;
		};
/* End XCBuildConfiguration section */

/* Begin XCConfigurationList section */
		5DB14F1221EED32400DD662B /* Build configuration list for PBXProject "swiftCalendar" */ = {
			isa = XCConfigurationList;
			buildConfigurations = (
				5DB14F3D21EED32500DD662B /* Debug */,
				5DB14F3E21EED32500DD662B /* Release */,
			);
			defaultConfigurationIsVisible = 0;
			defaultConfigurationName = Release;
		};
		5DB14F3F21EED32500DD662B /* Build configuration list for PBXNativeTarget "swiftCalendar" */ = {
			isa = XCConfigurationList;
			buildConfigurations = (
				5DB14F4021EED32500DD662B /* Debug */,
				5DB14F4121EED32500DD662B /* Release */,
			);
			defaultConfigurationIsVisible = 0;
			defaultConfigurationName = Release;
		};
		5DB14F4221EED32500DD662B /* Build configuration list for PBXNativeTarget "swiftCalendarTests" */ = {
			isa = XCConfigurationList;
			buildConfigurations = (
				5DB14F4321EED32500DD662B /* Debug */,
				5DB14F4421EED32500DD662B /* Release */,
			);
			defaultConfigurationIsVisible = 0;
			defaultConfigurationName = Release;
		};
		5DB14F4521EED32500DD662B /* Build configuration list for PBXNativeTarget "swiftCalendarUITests" */ = {
			isa = XCConfigurationList;
			buildConfigurations = (
				5DB14F4621EED32500DD662B /* Debug */,
				5DB14F4721EED32500DD662B /* Release */,
			);
			defaultConfigurationIsVisible = 0;
			defaultConfigurationName = Release;
		};
/* End XCConfigurationList section */
	};
	rootObject = 5DB14F0F21EED32400DD662B /* Project object */;
}
